
Microsoft Visual Studio Solution File, Format Version 12.00
# Visual Studio Version 17
VisualStudioVersion = 17.6.33712.159
MinimumVisualStudioVersion = 10.0.40219.1
Project("{9A19103F-16F7-4668-BE54-9A1E7A4F7556}") = "ChalengeApp", "ChalengeApp\ChalengeApp.csproj", "{E8988AAC-5C98-4C6E-A5F1-C684BA945295}"
EndProject
Project("{FAE04EC0-301F-11D3-BF4B-00C04F79EFBC}") = "ChalengeApp.Tests", "ChalengeApp.Tests\ChalengeApp.Tests.csproj", "{C321B729-738E-45BC-8F93-5A77B2E293EE}"
EndProject
Global
	GlobalSection(SolutionConfigurationPlatforms) = preSolution
		Debug|Any CPU = Debug|Any CPU
		Release|Any CPU = Release|Any CPU
	EndGlobalSection
	GlobalSection(ProjectConfigurationPlatforms) = postSolution
		{E8988AAC-5C98-4C6E-A5F1-C684BA945295}.Debug|Any CPU.ActiveCfg = Debug|Any CPU
		{E8988AAC-5C98-4C6E-A5F1-C684BA945295}.Debug|Any CPU.Build.0 = Debug|Any CPU
		{E8988AAC-5C98-4C6E-A5F1-C684BA945295}.Release|Any CPU.ActiveCfg = Release|Any CPU
		{E8988AAC-5C98-4C6E-A5F1-C684BA945295}.Release|Any CPU.Build.0 = Release|Any CPU
		{C321B729-738E-45BC-8F93-5A77B2E293EE}.Debug|Any CPU.ActiveCfg = Debug|Any CPU
		{C321B729-738E-45BC-8F93-5A77B2E293EE}.Debug|Any CPU.Build.0 = Debug|Any CPU
		{C321B729-738E-45BC-8F93-5A77B2E293EE}.Release|Any CPU.ActiveCfg = Release|Any CPU
		{C321B729-738E-45BC-8F93-5A77B2E293EE}.Release|Any CPU.Build.0 = Release|Any CPU
	EndGlobalSection
	GlobalSection(SolutionProperties) = preSolution
		HideSolutionNode = FALSE
	EndGlobalSection
	GlobalSection(ExtensibilityGlobals) = postSolution
		SolutionGuid = {E05A01AF-E72F-4AAD-8052-FBAE829FDC8B}
	EndGlobalSection
EndGlobal
